
Microsoft Visual Studio Solution File, Format Version 12.00
# Visual Studio 14
VisualStudioVersion = 14.0.25420.1
MinimumVisualStudioVersion = 10.0.40219.1
Project("{FAE04EC0-301F-11D3-BF4B-00C04F79EFBC}") = "CISDotnetGroupProject", "CISDotnetGroupProject\CISDotnetGroupProject.csproj", "{99FEBF5B-4A01-44CB-BFE9-07180CBDB053}"
EndProject
Project("{FAE04EC0-301F-11D3-BF4B-00C04F79EFBC}") = "CISDotnetGroupProject.DataAccessLayer", "CISDotnetGroupProject.DataAccessLayer\CISDotnetGroupProject.DataAccessLayer.csproj", "{03147DE6-4FF3-4DBD-B32D-C6E7C8296477}"
EndProject
Project("{FAE04EC0-301F-11D3-BF4B-00C04F79EFBC}") = "CISDotnetGroupProject.Models", "CISDotnetGroupProject.Models\CISDotnetGroupProject.Models.csproj", "{1F9089C1-4EE2-474D-8768-AFC11A935ECF}"
EndProject
Global
	GlobalSection(SolutionConfigurationPlatforms) = preSolution
		Debug|Any CPU = Debug|Any CPU
		Release|Any CPU = Release|Any CPU
	EndGlobalSection
	GlobalSection(ProjectConfigurationPlatforms) = postSolution
		{99FEBF5B-4A01-44CB-BFE9-07180CBDB053}.Debug|Any CPU.ActiveCfg = Debug|Any CPU
		{99FEBF5B-4A01-44CB-BFE9-07180CBDB053}.Debug|Any CPU.Build.0 = Debug|Any CPU
		{99FEBF5B-4A01-44CB-BFE9-07180CBDB053}.Release|Any CPU.ActiveCfg = Release|Any CPU
		{99FEBF5B-4A01-44CB-BFE9-07180CBDB053}.Release|Any CPU.Build.0 = Release|Any CPU
		{03147DE6-4FF3-4DBD-B32D-C6E7C8296477}.Debug|Any CPU.ActiveCfg = Debug|Any CPU
		{03147DE6-4FF3-4DBD-B32D-C6E7C8296477}.Debug|Any CPU.Build.0 = Debug|Any CPU
		{03147DE6-4FF3-4DBD-B32D-C6E7C8296477}.Release|Any CPU.ActiveCfg = Release|Any CPU
		{03147DE6-4FF3-4DBD-B32D-C6E7C8296477}.Release|Any CPU.Build.0 = Release|Any CPU
		{1F9089C1-4EE2-474D-8768-AFC11A935ECF}.Debug|Any CPU.ActiveCfg = Debug|Any CPU
		{1F9089C1-4EE2-474D-8768-AFC11A935ECF}.Debug|Any CPU.Build.0 = Debug|Any CPU
		{1F9089C1-4EE2-474D-8768-AFC11A935ECF}.Release|Any CPU.ActiveCfg = Release|Any CPU
		{1F9089C1-4EE2-474D-8768-AFC11A935ECF}.Release|Any CPU.Build.0 = Release|Any CPU
	EndGlobalSection
	GlobalSection(SolutionProperties) = preSolution
		HideSolutionNode = FALSE
	EndGlobalSection
	GlobalSection(TeamFoundationVersionControl) = preSolution
		SccNumberOfProjects = 4
		SccEnterpriseProvider = {4CA58AB2-18FA-4F8D-95D4-32DDF27D184C}
		SccTeamFoundationServer = https://sandeepdevlopement.visualstudio.com/
		SccLocalPath0 = .
		SccProjectUniqueName1 = CISDotnetGroupProject\\CISDotnetGroupProject.csproj
		SccProjectName1 = CISDotnetGroupProject
		SccLocalPath1 = CISDotnetGroupProject
		SccProjectUniqueName2 = CISDotnetGroupProject.DataAccessLayer\\CISDotnetGroupProject.DataAccessLayer.csproj
		SccProjectName2 = CISDotnetGroupProject.DataAccessLayer
		SccLocalPath2 = CISDotnetGroupProject.DataAccessLayer
		SccProjectUniqueName3 = CISDotnetGroupProject.Models\\CISDotnetGroupProject.Models.csproj
		SccProjectName3 = CISDotnetGroupProject.Models
		SccLocalPath3 = CISDotnetGroupProject.Models
	EndGlobalSection
EndGlobal
